
Microsoft Visual Studio Solution File, Format Version 12.00
# Visual Studio Version 17
VisualStudioVersion = 17.8.34525.116
MinimumVisualStudioVersion = 10.0.40219.1
Project("{FAE04EC0-301F-11D3-BF4B-00C04F79EFBC}") = "SimpleCalculatorForm", "SimpleCalculatorForm\SimpleCalculatorForm.csproj", "{5BB9E4E9-73DF-4893-A1B2-5E694E3E4003}"
EndProject
Global
	GlobalSection(SolutionConfigurationPlatforms) = preSolution
		Debug|Any CPU = Debug|Any CPU
		Release|Any CPU = Release|Any CPU
	EndGlobalSection
	GlobalSection(ProjectConfigurationPlatforms) = postSolution
		{5BB9E4E9-73DF-4893-A1B2-5E694E3E4003}.Debug|Any CPU.ActiveCfg = Debug|Any CPU
		{5BB9E4E9-73DF-4893-A1B2-5E694E3E4003}.Debug|Any CPU.Build.0 = Debug|Any CPU
		{5BB9E4E9-73DF-4893-A1B2-5E694E3E4003}.Release|Any CPU.ActiveCfg = Release|Any CPU
		{5BB9E4E9-73DF-4893-A1B2-5E694E3E4003}.Release|Any CPU.Build.0 = Release|Any CPU
	EndGlobalSection
	GlobalSection(SolutionProperties) = preSolution
		HideSolutionNode = FALSE
	EndGlobalSection
	GlobalSection(ExtensibilityGlobals) = postSolution
		SolutionGuid = {6203CCE4-B282-4A4E-9505-A5A7F611369B}
	EndGlobalSection
EndGlobal
